{
  "name": "advent-of-code",
  "version": "1.0.0",
  "lockfileVersion": 1,
  "requires": true,
  "dependencies": {
    "@blakeembrey/deque": {
      "version": "1.0.4",
      "resolved": "https://registry.npmjs.org/@blakeembrey/deque/-/deque-1.0.4.tgz",
      "integrity": "sha512-gzAiePolEXlMlQxbHWcdmz+b+PEixO5so0mU8jMlCemp8sxUWko9AzWc4EK3MV6BCUYd9cjq+Gd477cZiq5Kfw=="
    },
    "charenc": {
      "version": "0.0.2",
      "resolved": "https://registry.npmjs.org/charenc/-/charenc-0.0.2.tgz",
      "integrity": "sha1-wKHS86cJLgN3S/qD8UwPxXkKhmc="
    },
    "crypt": {
      "version": "0.0.2",
      "resolved": "https://registry.npmjs.org/crypt/-/crypt-0.0.2.tgz",
      "integrity": "sha1-iNf/fsDfuG9xPch7u0LQRNPmxBs="
    },
    "double-ended-queue": {
      "version": "2.1.0-0",
      "resolved": "https://registry.npmjs.org/double-ended-queue/-/double-ended-queue-2.1.0-0.tgz",
      "integrity": "sha1-ED01J/0xUo9AGIEwyEHv3XgmTlw="
    },
    "is-buffer": {
      "version": "1.1.6",
      "resolved": "https://registry.npmjs.org/is-buffer/-/is-buffer-1.1.6.tgz",
      "integrity": "sha512-NcdALwpXkTm5Zvvbk7owOUSvVvBKDgKP5/ewfXEznmQFfs4ZRmanOeKBTjRVjka3QFoN6XJ+9F3USqfHqTaU5w=="
    },
    "md5": {
      "version": "2.2.1",
      "resolved": "https://registry.npmjs.org/md5/-/md5-2.2.1.tgz",
      "integrity": "sha1-U6s41f48iJG6RlMp6iP6wFQBJvk=",
      "requires": {
        "charenc": "~0.0.1",
        "crypt": "~0.0.1",
        "is-buffer": "~1.1.1"
      }
    },
    "written-number": {
      "version": "0.8.1",
      "resolved": "https://registry.npmjs.org/written-number/-/written-number-0.8.1.tgz",
      "integrity": "sha512-/JsYGK+h7t1aPtaxlm2dMXVsyJTaT0bakDHjdgrpuie3KLjF55J0Qx9u38o2Kt9eMUMuCfsZDwJnjntl0crYUw=="
    }
  }
}
